
Microsoft Visual Studio Solution File, Format Version 12.00
# Visual Studio Version 17
VisualStudioVersion = 17.11.35222.181
MinimumVisualStudioVersion = 10.0.40219.1
Project("{FAE04EC0-301F-11D3-BF4B-00C04F79EFBC}") = "Webportal", "Webportal\Webportal.csproj", "{9B27B1CC-DBED-4B45-B9E0-ACA20521E607}"
EndProject
Global
	GlobalSection(SolutionConfigurationPlatforms) = preSolution
		Debug|Any CPU = Debug|Any CPU
		Release|Any CPU = Release|Any CPU
	EndGlobalSection
	GlobalSection(ProjectConfigurationPlatforms) = postSolution
		{9B27B1CC-DBED-4B45-B9E0-ACA20521E607}.Debug|Any CPU.ActiveCfg = Debug|Any CPU
		{9B27B1CC-DBED-4B45-B9E0-ACA20521E607}.Debug|Any CPU.Build.0 = Debug|Any CPU
		{9B27B1CC-DBED-4B45-B9E0-ACA20521E607}.Release|Any CPU.ActiveCfg = Release|Any CPU
		{9B27B1CC-DBED-4B45-B9E0-ACA20521E607}.Release|Any CPU.Build.0 = Release|Any CPU
	EndGlobalSection
	GlobalSection(SolutionProperties) = preSolution
		HideSolutionNode = FALSE
	EndGlobalSection
	GlobalSection(ExtensibilityGlobals) = postSolution
		SolutionGuid = {02163AE8-A941-4BFD-B123-8B4E5A9F3C91}
	EndGlobalSection
EndGlobal
